
Microsoft Visual Studio Solution File, Format Version 12.00
# Visual Studio Version 16
VisualStudioVersion = 16.0.30717.126
MinimumVisualStudioVersion = 10.0.40219.1
Project("{8BC9CEB8-8B4A-11D0-8D11-00A0C91BC942}") = "SearchArray", "SearchArray.vcxproj", "{45E3B92B-2976-4F25-9B65-9C0CA6A67ECB}"
EndProject
Global
	GlobalSection(SolutionConfigurationPlatforms) = preSolution
		Debug|x64 = Debug|x64
		Debug|x86 = Debug|x86
		Release|x64 = Release|x64
		Release|x86 = Release|x86
	EndGlobalSection
	GlobalSection(ProjectConfigurationPlatforms) = postSolution
		{45E3B92B-2976-4F25-9B65-9C0CA6A67ECB}.Debug|x64.ActiveCfg = Debug|x64
		{45E3B92B-2976-4F25-9B65-9C0CA6A67ECB}.Debug|x64.Build.0 = Debug|x64
		{45E3B92B-2976-4F25-9B65-9C0CA6A67ECB}.Debug|x86.ActiveCfg = Debug|Win32
		{45E3B92B-2976-4F25-9B65-9C0CA6A67ECB}.Debug|x86.Build.0 = Debug|Win32
		{45E3B92B-2976-4F25-9B65-9C0CA6A67ECB}.Release|x64.ActiveCfg = Release|x64
		{45E3B92B-2976-4F25-9B65-9C0CA6A67ECB}.Release|x64.Build.0 = Release|x64
		{45E3B92B-2976-4F25-9B65-9C0CA6A67ECB}.Release|x86.ActiveCfg = Release|Win32
		{45E3B92B-2976-4F25-9B65-9C0CA6A67ECB}.Release|x86.Build.0 = Release|Win32
	EndGlobalSection
	GlobalSection(SolutionProperties) = preSolution
		HideSolutionNode = FALSE
	EndGlobalSection
	GlobalSection(ExtensibilityGlobals) = postSolution
		SolutionGuid = {B634A30B-4028-462D-93B0-6D9665A4E01C}
	EndGlobalSection
EndGlobal
