
Microsoft Visual Studio Solution File, Format Version 12.00
# Visual Studio Version 16
VisualStudioVersion = 16.0.30717.126
MinimumVisualStudioVersion = 10.0.40219.1
Project("{8BC9CEB8-8B4A-11D0-8D11-00A0C91BC942}") = "MultiDimensionalArray", "MultiDimensionalArray.vcxproj", "{566A6716-D4A1-41FA-9E40-6671C7C55785}"
EndProject
Global
	GlobalSection(SolutionConfigurationPlatforms) = preSolution
		Debug|x64 = Debug|x64
		Debug|x86 = Debug|x86
		Release|x64 = Release|x64
		Release|x86 = Release|x86
	EndGlobalSection
	GlobalSection(ProjectConfigurationPlatforms) = postSolution
		{566A6716-D4A1-41FA-9E40-6671C7C55785}.Debug|x64.ActiveCfg = Debug|x64
		{566A6716-D4A1-41FA-9E40-6671C7C55785}.Debug|x64.Build.0 = Debug|x64
		{566A6716-D4A1-41FA-9E40-6671C7C55785}.Debug|x86.ActiveCfg = Debug|Win32
		{566A6716-D4A1-41FA-9E40-6671C7C55785}.Debug|x86.Build.0 = Debug|Win32
		{566A6716-D4A1-41FA-9E40-6671C7C55785}.Release|x64.ActiveCfg = Release|x64
		{566A6716-D4A1-41FA-9E40-6671C7C55785}.Release|x64.Build.0 = Release|x64
		{566A6716-D4A1-41FA-9E40-6671C7C55785}.Release|x86.ActiveCfg = Release|Win32
		{566A6716-D4A1-41FA-9E40-6671C7C55785}.Release|x86.Build.0 = Release|Win32
	EndGlobalSection
	GlobalSection(SolutionProperties) = preSolution
		HideSolutionNode = FALSE
	EndGlobalSection
	GlobalSection(ExtensibilityGlobals) = postSolution
		SolutionGuid = {80CA2214-A927-483C-AE02-ED5B8B1BF17F}
	EndGlobalSection
EndGlobal
