
Microsoft Visual Studio Solution File, Format Version 12.00
# Visual Studio Version 16
VisualStudioVersion = 16.0.30717.126
MinimumVisualStudioVersion = 10.0.40219.1
Project("{8BC9CEB8-8B4A-11D0-8D11-00A0C91BC942}") = "IfVowel", "IfVowel.vcxproj", "{08DD1D3A-757D-41B5-9033-AEA86E37E0F5}"
EndProject
Global
	GlobalSection(SolutionConfigurationPlatforms) = preSolution
		Debug|x64 = Debug|x64
		Debug|x86 = Debug|x86
		Release|x64 = Release|x64
		Release|x86 = Release|x86
	EndGlobalSection
	GlobalSection(ProjectConfigurationPlatforms) = postSolution
		{08DD1D3A-757D-41B5-9033-AEA86E37E0F5}.Debug|x64.ActiveCfg = Debug|x64
		{08DD1D3A-757D-41B5-9033-AEA86E37E0F5}.Debug|x64.Build.0 = Debug|x64
		{08DD1D3A-757D-41B5-9033-AEA86E37E0F5}.Debug|x86.ActiveCfg = Debug|Win32
		{08DD1D3A-757D-41B5-9033-AEA86E37E0F5}.Debug|x86.Build.0 = Debug|Win32
		{08DD1D3A-757D-41B5-9033-AEA86E37E0F5}.Release|x64.ActiveCfg = Release|x64
		{08DD1D3A-757D-41B5-9033-AEA86E37E0F5}.Release|x64.Build.0 = Release|x64
		{08DD1D3A-757D-41B5-9033-AEA86E37E0F5}.Release|x86.ActiveCfg = Release|Win32
		{08DD1D3A-757D-41B5-9033-AEA86E37E0F5}.Release|x86.Build.0 = Release|Win32
	EndGlobalSection
	GlobalSection(SolutionProperties) = preSolution
		HideSolutionNode = FALSE
	EndGlobalSection
	GlobalSection(ExtensibilityGlobals) = postSolution
		SolutionGuid = {F84B3E75-1CA8-4904-960C-30D56DB3C708}
	EndGlobalSection
EndGlobal
