
Microsoft Visual Studio Solution File, Format Version 12.00
# Visual Studio Version 16
VisualStudioVersion = 16.0.30717.126
MinimumVisualStudioVersion = 10.0.40219.1
Project("{8BC9CEB8-8B4A-11D0-8D11-00A0C91BC942}") = "NumberOfEvenOdd", "NumberOfEvenOdd.vcxproj", "{70748BBA-420D-4D9F-8A5F-60DF085E2F81}"
EndProject
Global
	GlobalSection(SolutionConfigurationPlatforms) = preSolution
		Debug|x64 = Debug|x64
		Debug|x86 = Debug|x86
		Release|x64 = Release|x64
		Release|x86 = Release|x86
	EndGlobalSection
	GlobalSection(ProjectConfigurationPlatforms) = postSolution
		{70748BBA-420D-4D9F-8A5F-60DF085E2F81}.Debug|x64.ActiveCfg = Debug|x64
		{70748BBA-420D-4D9F-8A5F-60DF085E2F81}.Debug|x64.Build.0 = Debug|x64
		{70748BBA-420D-4D9F-8A5F-60DF085E2F81}.Debug|x86.ActiveCfg = Debug|Win32
		{70748BBA-420D-4D9F-8A5F-60DF085E2F81}.Debug|x86.Build.0 = Debug|Win32
		{70748BBA-420D-4D9F-8A5F-60DF085E2F81}.Release|x64.ActiveCfg = Release|x64
		{70748BBA-420D-4D9F-8A5F-60DF085E2F81}.Release|x64.Build.0 = Release|x64
		{70748BBA-420D-4D9F-8A5F-60DF085E2F81}.Release|x86.ActiveCfg = Release|Win32
		{70748BBA-420D-4D9F-8A5F-60DF085E2F81}.Release|x86.Build.0 = Release|Win32
	EndGlobalSection
	GlobalSection(SolutionProperties) = preSolution
		HideSolutionNode = FALSE
	EndGlobalSection
	GlobalSection(ExtensibilityGlobals) = postSolution
		SolutionGuid = {DC4048A5-BA19-408C-970F-32DC020063E3}
	EndGlobalSection
EndGlobal
