
Microsoft Visual Studio Solution File, Format Version 12.00
# Visual Studio Version 16
VisualStudioVersion = 16.0.30717.126
MinimumVisualStudioVersion = 10.0.40219.1
Project("{8BC9CEB8-8B4A-11D0-8D11-00A0C91BC942}") = "AreaOfTriangle", "AreaOfTriangle.vcxproj", "{286B0D6B-E1AC-4AE4-A756-2695CEE58039}"
EndProject
Global
	GlobalSection(SolutionConfigurationPlatforms) = preSolution
		Debug|x64 = Debug|x64
		Debug|x86 = Debug|x86
		Release|x64 = Release|x64
		Release|x86 = Release|x86
	EndGlobalSection
	GlobalSection(ProjectConfigurationPlatforms) = postSolution
		{286B0D6B-E1AC-4AE4-A756-2695CEE58039}.Debug|x64.ActiveCfg = Debug|x64
		{286B0D6B-E1AC-4AE4-A756-2695CEE58039}.Debug|x64.Build.0 = Debug|x64
		{286B0D6B-E1AC-4AE4-A756-2695CEE58039}.Debug|x86.ActiveCfg = Debug|Win32
		{286B0D6B-E1AC-4AE4-A756-2695CEE58039}.Debug|x86.Build.0 = Debug|Win32
		{286B0D6B-E1AC-4AE4-A756-2695CEE58039}.Release|x64.ActiveCfg = Release|x64
		{286B0D6B-E1AC-4AE4-A756-2695CEE58039}.Release|x64.Build.0 = Release|x64
		{286B0D6B-E1AC-4AE4-A756-2695CEE58039}.Release|x86.ActiveCfg = Release|Win32
		{286B0D6B-E1AC-4AE4-A756-2695CEE58039}.Release|x86.Build.0 = Release|Win32
	EndGlobalSection
	GlobalSection(SolutionProperties) = preSolution
		HideSolutionNode = FALSE
	EndGlobalSection
	GlobalSection(ExtensibilityGlobals) = postSolution
		SolutionGuid = {4569F439-EB40-429D-9222-78CD42E01FE7}
	EndGlobalSection
EndGlobal
